
Microsoft Visual Studio Solution File, Format Version 12.00
# Visual Studio 14
VisualStudioVersion = 14.0.25420.1
MinimumVisualStudioVersion = 10.0.40219.1
Project("{FAE04EC0-301F-11D3-BF4B-00C04F79EFBC}") = "IntervalCalc.NET", "IntervalCalc.NET\IntervalCalc.NET.csproj", "{5DC21923-7C30-4987-B8CB-09622E61391D}"
EndProject
Project("{FAE04EC0-301F-11D3-BF4B-00C04F79EFBC}") = "IntervalCalcTests", "IntervalCalcTests\IntervalCalcTests.csproj", "{705CD8E9-8351-47DC-9ACA-C6F6E8E3A9A0}"
EndProject
Project("{FAE04EC0-301F-11D3-BF4B-00C04F79EFBC}") = "IntervalCalcConsole", "IntervalCalcConsole\IntervalCalcConsole.csproj", "{41CAECEE-F141-46A3-B5B5-0074EF4AA45A}"
EndProject
Project("{8BB2217D-0F2D-49D1-97BC-3654ED321F3B}") = "IntervalCalcWebExamples", "IntervalCalcWebExamples\IntervalCalcWebExamples.xproj", "{7F243D37-AB24-4933-9B7E-E9C0773F3F27}"
EndProject
Global
	GlobalSection(SolutionConfigurationPlatforms) = preSolution
		Debug|Any CPU = Debug|Any CPU
		Release|Any CPU = Release|Any CPU
	EndGlobalSection
	GlobalSection(ProjectConfigurationPlatforms) = postSolution
		{5DC21923-7C30-4987-B8CB-09622E61391D}.Debug|Any CPU.ActiveCfg = Debug|Any CPU
		{5DC21923-7C30-4987-B8CB-09622E61391D}.Debug|Any CPU.Build.0 = Debug|Any CPU
		{5DC21923-7C30-4987-B8CB-09622E61391D}.Release|Any CPU.ActiveCfg = Release|Any CPU
		{5DC21923-7C30-4987-B8CB-09622E61391D}.Release|Any CPU.Build.0 = Release|Any CPU
		{705CD8E9-8351-47DC-9ACA-C6F6E8E3A9A0}.Debug|Any CPU.ActiveCfg = Debug|Any CPU
		{705CD8E9-8351-47DC-9ACA-C6F6E8E3A9A0}.Debug|Any CPU.Build.0 = Debug|Any CPU
		{705CD8E9-8351-47DC-9ACA-C6F6E8E3A9A0}.Release|Any CPU.ActiveCfg = Release|Any CPU
		{705CD8E9-8351-47DC-9ACA-C6F6E8E3A9A0}.Release|Any CPU.Build.0 = Release|Any CPU
		{41CAECEE-F141-46A3-B5B5-0074EF4AA45A}.Debug|Any CPU.ActiveCfg = Debug|Any CPU
		{41CAECEE-F141-46A3-B5B5-0074EF4AA45A}.Debug|Any CPU.Build.0 = Debug|Any CPU
		{41CAECEE-F141-46A3-B5B5-0074EF4AA45A}.Release|Any CPU.ActiveCfg = Release|Any CPU
		{41CAECEE-F141-46A3-B5B5-0074EF4AA45A}.Release|Any CPU.Build.0 = Release|Any CPU
		{7F243D37-AB24-4933-9B7E-E9C0773F3F27}.Debug|Any CPU.ActiveCfg = Debug|Any CPU
		{7F243D37-AB24-4933-9B7E-E9C0773F3F27}.Debug|Any CPU.Build.0 = Debug|Any CPU
		{7F243D37-AB24-4933-9B7E-E9C0773F3F27}.Release|Any CPU.ActiveCfg = Release|Any CPU
		{7F243D37-AB24-4933-9B7E-E9C0773F3F27}.Release|Any CPU.Build.0 = Release|Any CPU
	EndGlobalSection
	GlobalSection(SolutionProperties) = preSolution
		HideSolutionNode = FALSE
	EndGlobalSection
EndGlobal
